
Microsoft Visual Studio Solution File, Format Version 12.00
# Visual Studio Version 17
VisualStudioVersion = 17.5.33424.131
MinimumVisualStudioVersion = 10.0.40219.1
Project("{9A19103F-16F7-4668-BE54-9A1E7A4F7556}") = "NetCoreMMOServer", "NetCoreMMOServer\NetCoreMMOServer.csproj", "{EE731276-0448-4372-AA5F-AE0F14665342}"
EndProject
Project("{9A19103F-16F7-4668-BE54-9A1E7A4F7556}") = "NetCoreMMOServer.Network", "NetCoreMMOServer.Network\NetCoreMMOServer.Network.csproj", "{94E4B0F6-CEC0-45C5-BDFC-0E6D031FA5FD}"
EndProject
Project("{9A19103F-16F7-4668-BE54-9A1E7A4F7556}") = "NetCoreMMOServer.Packet", "NetCoreMMOServer.Packet\NetCoreMMOServer.Packet.csproj", "{9EA46357-8420-477B-BCDE-BF63C87BA549}"
EndProject
Project("{9A19103F-16F7-4668-BE54-9A1E7A4F7556}") = "NetCoreMMOServer.PacketGenerator", "NetCoreMMOServer.PacketGenerator\NetCoreMMOServer.PacketGenerator.csproj", "{DDE3C060-DEE2-4B62-B408-D42761512373}"
EndProject
Project("{9A19103F-16F7-4668-BE54-9A1E7A4F7556}") = "DummyClient", "DummyClient\DummyClient.csproj", "{6E647561-EDD2-4F7A-80B8-8933AC0F3215}"
EndProject
Project("{9A19103F-16F7-4668-BE54-9A1E7A4F7556}") = "NetCoreMMOServer.Utility", "NetCoreMMOServer.Utility\NetCoreMMOServer.Utility.csproj", "{561AE070-3446-4C2F-B7FE-8D881855A475}"
EndProject
Project("{FAE04EC0-301F-11D3-BF4B-00C04F79EFBC}") = "NetCoreMMOServer.Physics", "NetCoreMMOServer.Physics\NetCoreMMOServer.Physics.csproj", "{3FDD916E-BA00-4FA0-9386-63EE40484E9A}"
EndProject
Project("{FAE04EC0-301F-11D3-BF4B-00C04F79EFBC}") = "NetCoreMMOServer.Framework", "NetCoreMMOServer.Framework\NetCoreMMOServer.Framework.csproj", "{6C840325-42C3-4578-B414-1AD7F4ADFC75}"
EndProject
Project("{FAE04EC0-301F-11D3-BF4B-00C04F79EFBC}") = "NetCoreMMOServer.Contents", "NetCoreMMOServer.Contents\NetCoreMMOServer.Contents.csproj", "{60B813B0-F457-4B05-80D0-80474E8F4A70}"
EndProject
Global
	GlobalSection(SolutionConfigurationPlatforms) = preSolution
		Debug|Any CPU = Debug|Any CPU
		Release|Any CPU = Release|Any CPU
	EndGlobalSection
	GlobalSection(ProjectConfigurationPlatforms) = postSolution
		{EE731276-0448-4372-AA5F-AE0F14665342}.Debug|Any CPU.ActiveCfg = Debug|Any CPU
		{EE731276-0448-4372-AA5F-AE0F14665342}.Debug|Any CPU.Build.0 = Debug|Any CPU
		{EE731276-0448-4372-AA5F-AE0F14665342}.Release|Any CPU.ActiveCfg = Release|Any CPU
		{EE731276-0448-4372-AA5F-AE0F14665342}.Release|Any CPU.Build.0 = Release|Any CPU
		{94E4B0F6-CEC0-45C5-BDFC-0E6D031FA5FD}.Debug|Any CPU.ActiveCfg = Debug|Any CPU
		{94E4B0F6-CEC0-45C5-BDFC-0E6D031FA5FD}.Debug|Any CPU.Build.0 = Debug|Any CPU
		{94E4B0F6-CEC0-45C5-BDFC-0E6D031FA5FD}.Release|Any CPU.ActiveCfg = Release|Any CPU
		{94E4B0F6-CEC0-45C5-BDFC-0E6D031FA5FD}.Release|Any CPU.Build.0 = Release|Any CPU
		{9EA46357-8420-477B-BCDE-BF63C87BA549}.Debug|Any CPU.ActiveCfg = Debug|Any CPU
		{9EA46357-8420-477B-BCDE-BF63C87BA549}.Debug|Any CPU.Build.0 = Debug|Any CPU
		{9EA46357-8420-477B-BCDE-BF63C87BA549}.Release|Any CPU.ActiveCfg = Release|Any CPU
		{9EA46357-8420-477B-BCDE-BF63C87BA549}.Release|Any CPU.Build.0 = Release|Any CPU
		{DDE3C060-DEE2-4B62-B408-D42761512373}.Debug|Any CPU.ActiveCfg = Debug|Any CPU
		{DDE3C060-DEE2-4B62-B408-D42761512373}.Debug|Any CPU.Build.0 = Debug|Any CPU
		{DDE3C060-DEE2-4B62-B408-D42761512373}.Release|Any CPU.ActiveCfg = Release|Any CPU
		{DDE3C060-DEE2-4B62-B408-D42761512373}.Release|Any CPU.Build.0 = Release|Any CPU
		{6E647561-EDD2-4F7A-80B8-8933AC0F3215}.Debug|Any CPU.ActiveCfg = Debug|Any CPU
		{6E647561-EDD2-4F7A-80B8-8933AC0F3215}.Debug|Any CPU.Build.0 = Debug|Any CPU
		{6E647561-EDD2-4F7A-80B8-8933AC0F3215}.Release|Any CPU.ActiveCfg = Release|Any CPU
		{6E647561-EDD2-4F7A-80B8-8933AC0F3215}.Release|Any CPU.Build.0 = Release|Any CPU
		{561AE070-3446-4C2F-B7FE-8D881855A475}.Debug|Any CPU.ActiveCfg = Debug|Any CPU
		{561AE070-3446-4C2F-B7FE-8D881855A475}.Debug|Any CPU.Build.0 = Debug|Any CPU
		{561AE070-3446-4C2F-B7FE-8D881855A475}.Release|Any CPU.ActiveCfg = Release|Any CPU
		{561AE070-3446-4C2F-B7FE-8D881855A475}.Release|Any CPU.Build.0 = Release|Any CPU
		{3FDD916E-BA00-4FA0-9386-63EE40484E9A}.Debug|Any CPU.ActiveCfg = Debug|Any CPU
		{3FDD916E-BA00-4FA0-9386-63EE40484E9A}.Debug|Any CPU.Build.0 = Debug|Any CPU
		{3FDD916E-BA00-4FA0-9386-63EE40484E9A}.Release|Any CPU.ActiveCfg = Release|Any CPU
		{3FDD916E-BA00-4FA0-9386-63EE40484E9A}.Release|Any CPU.Build.0 = Release|Any CPU
		{6C840325-42C3-4578-B414-1AD7F4ADFC75}.Debug|Any CPU.ActiveCfg = Debug|Any CPU
		{6C840325-42C3-4578-B414-1AD7F4ADFC75}.Debug|Any CPU.Build.0 = Debug|Any CPU
		{6C840325-42C3-4578-B414-1AD7F4ADFC75}.Release|Any CPU.ActiveCfg = Release|Any CPU
		{6C840325-42C3-4578-B414-1AD7F4ADFC75}.Release|Any CPU.Build.0 = Release|Any CPU
		{60B813B0-F457-4B05-80D0-80474E8F4A70}.Debug|Any CPU.ActiveCfg = Debug|Any CPU
		{60B813B0-F457-4B05-80D0-80474E8F4A70}.Debug|Any CPU.Build.0 = Debug|Any CPU
		{60B813B0-F457-4B05-80D0-80474E8F4A70}.Release|Any CPU.ActiveCfg = Release|Any CPU
		{60B813B0-F457-4B05-80D0-80474E8F4A70}.Release|Any CPU.Build.0 = Release|Any CPU
	EndGlobalSection
	GlobalSection(SolutionProperties) = preSolution
		HideSolutionNode = FALSE
	EndGlobalSection
	GlobalSection(ExtensibilityGlobals) = postSolution
		SolutionGuid = {CD61EF9F-6A3B-4AF4-B0D0-5FF8FF31E404}
	EndGlobalSection
EndGlobal
